{
  "requires": true,
  "lockfileVersion": 1,
  "dependencies": {
    "@arkweid/lefthook": {
      "version": "0.7.7",
      "resolved": "https://registry.npmjs.org/@arkweid/lefthook/-/lefthook-0.7.7.tgz",
      "integrity": "sha512-Eq30OXKmjxIAIsTtbX2fcF3SNZIXS8yry1u8yty7PQFYRctx04rVlhOJCEB2UmfTh8T2vrOMC9IHHUvvo5zbaQ==",
      "dev": true
    }
  }
}
